github.com/spf13/pflag v1.0.5 h1:iy+VFUOCP1a+8yFto/drg2CJ5u0yRoB7fZw3DKv/JXA=
github.com/spf13/pflag v1.0.5/go.mod h1:McXfInJRrz4CZXVZOBLb0bTZqETkiAhM9Iw0y3An2Bg=
golang.org/x/exp v0.0.0-20230807204917-050eac23e9de h1:l5Za6utMv/HsBWWqzt4S8X17j+kt1uVETUX5UFhn2rE=
golang.org/x/exp v0.0.0-20230807204917-050eac23e9de/go.mod h1:FXUEEKJgO7OQYeo8N01OfiKP8RXMtf6e8aTskBGqWdc=
